
Microsoft Visual Studio Solution File, Format Version 12.00
# Visual Studio Version 16
VisualStudioVersion = 16.0.29613.14
MinimumVisualStudioVersion = 10.0.40219.1
Project("{FAE04EC0-301F-11D3-BF4B-00C04F79EFBC}") = "Demo.GeometryLib", "Demo.GeometryLib\Demo.GeometryLib.csproj", "{3E0EBF75-AD9E-4258-A111-F09AC3D59DA8}"
EndProject
Project("{FAE04EC0-301F-11D3-BF4B-00C04F79EFBC}") = "Demo.GeometryLib.Tests", "Demo.GeometryLib.Tests\Demo.GeometryLib.Tests.csproj", "{13DC8630-B73F-4314-A7B1-0F250B2363AD}"
EndProject
Global
	GlobalSection(SolutionConfigurationPlatforms) = preSolution
		Debug|Any CPU = Debug|Any CPU
		Release|Any CPU = Release|Any CPU
	EndGlobalSection
	GlobalSection(ProjectConfigurationPlatforms) = postSolution
		{3E0EBF75-AD9E-4258-A111-F09AC3D59DA8}.Debug|Any CPU.ActiveCfg = Debug|Any CPU
		{3E0EBF75-AD9E-4258-A111-F09AC3D59DA8}.Debug|Any CPU.Build.0 = Debug|Any CPU
		{3E0EBF75-AD9E-4258-A111-F09AC3D59DA8}.Release|Any CPU.ActiveCfg = Release|Any CPU
		{3E0EBF75-AD9E-4258-A111-F09AC3D59DA8}.Release|Any CPU.Build.0 = Release|Any CPU
		{13DC8630-B73F-4314-A7B1-0F250B2363AD}.Debug|Any CPU.ActiveCfg = Debug|Any CPU
		{13DC8630-B73F-4314-A7B1-0F250B2363AD}.Debug|Any CPU.Build.0 = Debug|Any CPU
		{13DC8630-B73F-4314-A7B1-0F250B2363AD}.Release|Any CPU.ActiveCfg = Release|Any CPU
		{13DC8630-B73F-4314-A7B1-0F250B2363AD}.Release|Any CPU.Build.0 = Release|Any CPU
	EndGlobalSection
	GlobalSection(SolutionProperties) = preSolution
		HideSolutionNode = FALSE
	EndGlobalSection
	GlobalSection(ExtensibilityGlobals) = postSolution
		SolutionGuid = {7B71A74A-00A9-4BD6-9437-819480319B1A}
	EndGlobalSection
EndGlobal
